
Microsoft Visual Studio Solution File, Format Version 12.00
# Visual Studio Version 17
VisualStudioVersion = 17.4.33205.214
MinimumVisualStudioVersion = 10.0.40219.1
Project("{8BC9CEB8-8B4A-11D0-8D11-00A0C91BC942}") = "ConnectTheDots", "ConnectTheDots.vcxproj", "{E62C31F9-DA39-4D53-A206-521BB655AA4C}"
EndProject
Global
	GlobalSection(SolutionConfigurationPlatforms) = preSolution
		Debug|x64 = Debug|x64
		Debug|x86 = Debug|x86
		Release|x64 = Release|x64
		Release|x86 = Release|x86
	EndGlobalSection
	GlobalSection(ProjectConfigurationPlatforms) = postSolution
		{E62C31F9-DA39-4D53-A206-521BB655AA4C}.Debug|x64.ActiveCfg = Debug|x64
		{E62C31F9-DA39-4D53-A206-521BB655AA4C}.Debug|x64.Build.0 = Debug|x64
		{E62C31F9-DA39-4D53-A206-521BB655AA4C}.Debug|x86.ActiveCfg = Debug|Win32
		{E62C31F9-DA39-4D53-A206-521BB655AA4C}.Debug|x86.Build.0 = Debug|Win32
		{E62C31F9-DA39-4D53-A206-521BB655AA4C}.Release|x64.ActiveCfg = Release|x64
		{E62C31F9-DA39-4D53-A206-521BB655AA4C}.Release|x64.Build.0 = Release|x64
		{E62C31F9-DA39-4D53-A206-521BB655AA4C}.Release|x86.ActiveCfg = Release|Win32
		{E62C31F9-DA39-4D53-A206-521BB655AA4C}.Release|x86.Build.0 = Release|Win32
	EndGlobalSection
	GlobalSection(SolutionProperties) = preSolution
		HideSolutionNode = FALSE
	EndGlobalSection
	GlobalSection(ExtensibilityGlobals) = postSolution
		SolutionGuid = {BFCE085E-198E-47B6-8A42-67EA3EE2F75E}
	EndGlobalSection
EndGlobal
